
Microsoft Visual Studio Solution File, Format Version 12.00
# Visual Studio Version 17
VisualStudioVersion = 17.0.32112.339
MinimumVisualStudioVersion = 10.0.40219.1
Project("{FAE04EC0-301F-11D3-BF4B-00C04F79EFBC}") = "SigmaLogo", "SigmaLogo\SigmaLogo.csproj", "{4A3F0FEF-2958-43B9-AB8F-85CC9CBA1DAA}"
EndProject
Global
	GlobalSection(SolutionConfigurationPlatforms) = preSolution
		Debug|Any CPU = Debug|Any CPU
		Release|Any CPU = Release|Any CPU
	EndGlobalSection
	GlobalSection(ProjectConfigurationPlatforms) = postSolution
		{4A3F0FEF-2958-43B9-AB8F-85CC9CBA1DAA}.Debug|Any CPU.ActiveCfg = Debug|Any CPU
		{4A3F0FEF-2958-43B9-AB8F-85CC9CBA1DAA}.Debug|Any CPU.Build.0 = Debug|Any CPU
		{4A3F0FEF-2958-43B9-AB8F-85CC9CBA1DAA}.Release|Any CPU.ActiveCfg = Release|Any CPU
		{4A3F0FEF-2958-43B9-AB8F-85CC9CBA1DAA}.Release|Any CPU.Build.0 = Release|Any CPU
	EndGlobalSection
	GlobalSection(SolutionProperties) = preSolution
		HideSolutionNode = FALSE
	EndGlobalSection
	GlobalSection(ExtensibilityGlobals) = postSolution
		SolutionGuid = {619BBC9B-AE3A-4433-A543-0D48BF52C101}
	EndGlobalSection
EndGlobal
